// !$*UTF8*$!
{
	archiveVersion = 1;
	classes = {
	};
	objectVersion = 77;
	objects = {

/* Begin PBXBuildFile section */
		0039A71CECB36F833C1E1192 /* Assets.xcassets in Resources */ = {isa = PBXBuildFile; fileRef = BE21820564A6CE54CAC908C4 /* Assets.xcassets */; };
		02216434DB781C9AC93FFE6E /* EditorView.swift in Sources */ = {isa = PBXBuildFile; fileRef = B37AA22765996393FB323A60 /* EditorView.swift */; };
		02578FB9E261C0E5A3A6D96B /* CouchSyncController.swift in Sources */ = {isa = PBXBuildFile; fileRef = D7A86459981084A1F96E5AAC /* CouchSyncController.swift */; };
		02EAE8E446983D5557B4FD8B /* CouchSyncControllerTests.swift in Sources */ = {isa = PBXBuildFile; fileRef = C3F3C79D9AECDFC39564C591 /* CouchSyncControllerTests.swift */; };
		122E21FD884486D3B1F6AEDC /* SyncCoordinator.swift in Sources */ = {isa = PBXBuildFile; fileRef = 660680A3B19AA808922FE5B3 /* SyncCoordinator.swift */; };
		29E7851E49856092B6E316AD /* PencilKitBridgeTests.swift in Sources */ = {isa = PBXBuildFile; fileRef = 3BC29184D0B7E9262391EDA7 /* PencilKitBridgeTests.swift */; };
		2CAA8B3BBB4BE8C4120A287E /* PaperTemplateView.swift in Sources */ = {isa = PBXBuildFile; fileRef = 2B0BAB6AF0A9B4CD233DD405 /* PaperTemplateView.swift */; };
		33A2FCE6768C0CE5D75A1AE4 /* PrivacyInfo.xcprivacy in Resources */ = {isa = PBXBuildFile; fileRef = FD4F14B1C9E5734ED1065F63 /* PrivacyInfo.xcprivacy */; };
		3BF381E0797979BCF00AEE38 /* HandwritingSettingsTests.swift in Sources */ = {isa = PBXBuildFile; fileRef = B4DCC26BCFF1AC7545A93B68 /* HandwritingSettingsTests.swift */; };
		3CFEC301B1ED29B4D9CFF6ED /* BackgroundRenderer.swift in Sources */ = {isa = PBXBuildFile; fileRef = 27BB5272061EA302A49313CA /* BackgroundRenderer.swift */; };
		41553EDB7232E60A06C58F8F /* Thumbnails.swift in Sources */ = {isa = PBXBuildFile; fileRef = 7346F25A719C7EB849AE025F /* Thumbnails.swift */; };
		4283276297678BE54BBF534F /* LibrarySidebar.swift in Sources */ = {isa = PBXBuildFile; fileRef = 760C1A94995C19FE535F60AB /* LibrarySidebar.swift */; };
		5677850903A70C8887A2C384 /* NotableKit in Frameworks */ = {isa = PBXBuildFile; productRef = EAF3412FA66289006396A938 /* NotableKit */; };
		60E3A5838850A4ADDF75230D /* DrawingUITests.swift in Sources */ = {isa = PBXBuildFile; fileRef = 3B29818F78C9EC3F96D1B394 /* DrawingUITests.swift */; };
		612A95F1BE606CBF723DF683 /* RotationUITests.swift in Sources */ = {isa = PBXBuildFile; fileRef = C7CA46ABC2CDD559A3FFAECE /* RotationUITests.swift */; };
		6282E4AF4D9D4C81DBA588C4 /* EraserUITests.swift in Sources */ = {isa = PBXBuildFile; fileRef = 007E2190A23B0021DB3B5752 /* EraserUITests.swift */; };
		669C9BEFB7448981118F2DB1 /* ServerBrowserView.swift in Sources */ = {isa = PBXBuildFile; fileRef = 7079102757F82D89F8EECEAE /* ServerBrowserView.swift */; };
		78FD24EDA9167440BC66CE0C /* BopaApp.swift in Sources */ = {isa = PBXBuildFile; fileRef = 13EC02E525247FA06BC975D5 /* BopaApp.swift */; };
		836D2865717F4122A14798FC /* NotebookStoreTests.swift in Sources */ = {isa = PBXBuildFile; fileRef = B6054B4C855D9949F6774763 /* NotebookStoreTests.swift */; };
		8AA222EE7E1E70A50620353E /* RemoteFolderPickerTests.swift in Sources */ = {isa = PBXBuildFile; fileRef = 5C708E78695B6C125620979F /* RemoteFolderPickerTests.swift */; };
		9268909E990BFF4774CFA57A /* CanvasContainerViewTests.swift in Sources */ = {isa = PBXBuildFile; fileRef = 74B56097ED40129E6E45E1B3 /* CanvasContainerViewTests.swift */; };
		A5CC40609B9AD77C21E0E5F5 /* BareCanvasUITests.swift in Sources */ = {isa = PBXBuildFile; fileRef = 1C6C87EB446AC370D0CF3F7B /* BareCanvasUITests.swift */; };
		B188FC9BE3CDA7096D52D546 /* HandwritingSettings.swift in Sources */ = {isa = PBXBuildFile; fileRef = E0A2DCF1975275C94A7F1FEC /* HandwritingSettings.swift */; };
		C10E0057637247CCB7ED659A /* CanvasContainerView.swift in Sources */ = {isa = PBXBuildFile; fileRef = 2CE531A38B3D637083298DA9 /* CanvasContainerView.swift */; };
		C7F86175E5F22CA5FB7C9B56 /* PencilKitBridge.swift in Sources */ = {isa = PBXBuildFile; fileRef = E209F67CF018B29E37E7A268 /* PencilKitBridge.swift */; };
		C980C9CF1CD6F2E3D8B74DE7 /* PageImageTests.swift in Sources */ = {isa = PBXBuildFile; fileRef = 9E41D9DC7E759FFF832BDC6B /* PageImageTests.swift */; };
		CC5AEB7EFA42F59680831067 /* LibraryView.swift in Sources */ = {isa = PBXBuildFile; fileRef = 3D8D206021F65D447A23CFD5 /* LibraryView.swift */; };
		D6048EDBC5536F19E7F15366 /* SyncSettings.swift in Sources */ = {isa = PBXBuildFile; fileRef = DDB2D42BE40F93CA9D0F2414 /* SyncSettings.swift */; };
		E46386971C89909F5E7E0CB4 /* RemoteFolderPicker.swift in Sources */ = {isa = PBXBuildFile; fileRef = 59B5B24D30EBF003DBBA84C9 /* RemoteFolderPicker.swift */; };
		E85BA9A56A392DAB893D469A /* ConflictResolutionView.swift in Sources */ = {isa = PBXBuildFile; fileRef = 1F51F41B920291A1DC95CED0 /* ConflictResolutionView.swift */; };
		EC803E9DE03A864F7F00802A /* NotebookStore.swift in Sources */ = {isa = PBXBuildFile; fileRef = 5C1F470FDAB39308F0A7795F /* NotebookStore.swift */; };
		F6A26EF4A3D7C39C2ECB8579 /* BareCanvas.swift in Sources */ = {isa = PBXBuildFile; fileRef = 2D3EA159F6A8667952EEF771 /* BareCanvas.swift */; };
		F87EA93E3A4FDFDD65331287 /* SyncProvenance.swift in Sources */ = {isa = PBXBuildFile; fileRef = FF6E3D1C4AFC7669DC53F4AE /* SyncProvenance.swift */; };
		F90EF34BA900F1E7CDF20493 /* SyncCoordinatorTests.swift in Sources */ = {isa = PBXBuildFile; fileRef = 4F97D40F01BD2033F59CEF9F /* SyncCoordinatorTests.swift */; };
/* End PBXBuildFile section */

/* Begin PBXContainerItemProxy section */
		3F057521AD4C8500930CC665 /* PBXContainerItemProxy */ = {
			isa = PBXContainerItemProxy;
			containerPortal = F247876D0614D8A68E186553 /* Project object */;
			proxyType = 1;
			remoteGlobalIDString = 83B1D95569B22B0B76DD7FC1;
			remoteInfo = Bopa;
		};
		BA4AB69AB97E2396DA7CD8F6 /* PBXContainerItemProxy */ = {
			isa = PBXContainerItemProxy;
			containerPortal = F247876D0614D8A68E186553 /* Project object */;
			proxyType = 1;
			remoteGlobalIDString = 83B1D95569B22B0B76DD7FC1;
			remoteInfo = Bopa;
		};
/* End PBXContainerItemProxy section */

/* Begin PBXFileReference section */
		007E2190A23B0021DB3B5752 /* EraserUITests.swift */ = {isa = PBXFileReference; lastKnownFileType = sourcecode.swift; path = EraserUITests.swift; sourceTree = "<group>"; };
		067F82B43BDD4E6D982DBA40 /* BopaTests.xctest */ = {isa = PBXFileReference; includeInIndex = 0; lastKnownFileType = wrapper.cfbundle; path = BopaTests.xctest; sourceTree = BUILT_PRODUCTS_DIR; };
		13EC02E525247FA06BC975D5 /* BopaApp.swift */ = {isa = PBXFileReference; lastKnownFileType = sourcecode.swift; path = BopaApp.swift; sourceTree = "<group>"; };
		16D436CB210A8416B43424AF /* BopaUITests.xctest */ = {isa = PBXFileReference; includeInIndex = 0; lastKnownFileType = wrapper.cfbundle; path = BopaUITests.xctest; sourceTree = BUILT_PRODUCTS_DIR; };
		1C6C87EB446AC370D0CF3F7B /* BareCanvasUITests.swift */ = {isa = PBXFileReference; lastKnownFileType = sourcecode.swift; path = BareCanvasUITests.swift; sourceTree = "<group>"; };
		1F51F41B920291A1DC95CED0 /* ConflictResolutionView.swift */ = {isa = PBXFileReference; lastKnownFileType = sourcecode.swift; path = ConflictResolutionView.swift; sourceTree = "<group>"; };
		27BB5272061EA302A49313CA /* BackgroundRenderer.swift */ = {isa = PBXFileReference; lastKnownFileType = sourcecode.swift; path = BackgroundRenderer.swift; sourceTree = "<group>"; };
		2B0BAB6AF0A9B4CD233DD405 /* PaperTemplateView.swift */ = {isa = PBXFileReference; lastKnownFileType = sourcecode.swift; path = PaperTemplateView.swift; sourceTree = "<group>"; };
		2CE531A38B3D637083298DA9 /* CanvasContainerView.swift */ = {isa = PBXFileReference; lastKnownFileType = sourcecode.swift; path = CanvasContainerView.swift; sourceTree = "<group>"; };
		2D3EA159F6A8667952EEF771 /* BareCanvas.swift */ = {isa = PBXFileReference; lastKnownFileType = sourcecode.swift; path = BareCanvas.swift; sourceTree = "<group>"; };
		3B29818F78C9EC3F96D1B394 /* DrawingUITests.swift */ = {isa = PBXFileReference; lastKnownFileType = sourcecode.swift; path = DrawingUITests.swift; sourceTree = "<group>"; };
		3BC29184D0B7E9262391EDA7 /* PencilKitBridgeTests.swift */ = {isa = PBXFileReference; lastKnownFileType = sourcecode.swift; path = PencilKitBridgeTests.swift; sourceTree = "<group>"; };
		3D8D206021F65D447A23CFD5 /* LibraryView.swift */ = {isa = PBXFileReference; lastKnownFileType = sourcecode.swift; path = LibraryView.swift; sourceTree = "<group>"; };
		467920EDEC849CD5B59CA33B /* NotableKit */ = {isa = PBXFileReference; lastKnownFileType = folder; name = NotableKit; path = ../NotableKit; sourceTree = SOURCE_ROOT; };
		4F97D40F01BD2033F59CEF9F /* SyncCoordinatorTests.swift */ = {isa = PBXFileReference; lastKnownFileType = sourcecode.swift; path = SyncCoordinatorTests.swift; sourceTree = "<group>"; };
		51065DC8A1BE9070F3A77ADB /* Bopa.app */ = {isa = PBXFileReference; includeInIndex = 0; lastKnownFileType = wrapper.application; path = Bopa.app; sourceTree = BUILT_PRODUCTS_DIR; };
		59B5B24D30EBF003DBBA84C9 /* RemoteFolderPicker.swift */ = {isa = PBXFileReference; lastKnownFileType = sourcecode.swift; path = RemoteFolderPicker.swift; sourceTree = "<group>"; };
		5C1F470FDAB39308F0A7795F /* NotebookStore.swift */ = {isa = PBXFileReference; lastKnownFileType = sourcecode.swift; path = NotebookStore.swift; sourceTree = "<group>"; };
		5C708E78695B6C125620979F /* RemoteFolderPickerTests.swift */ = {isa = PBXFileReference; lastKnownFileType = sourcecode.swift; path = RemoteFolderPickerTests.swift; sourceTree = "<group>"; };
		660680A3B19AA808922FE5B3 /* SyncCoordinator.swift */ = {isa = PBXFileReference; lastKnownFileType = sourcecode.swift; path = SyncCoordinator.swift; sourceTree = "<group>"; };
		7079102757F82D89F8EECEAE /* ServerBrowserView.swift */ = {isa = PBXFileReference; lastKnownFileType = sourcecode.swift; path = ServerBrowserView.swift; sourceTree = "<group>"; };
		7346F25A719C7EB849AE025F /* Thumbnails.swift */ = {isa = PBXFileReference; lastKnownFileType = sourcecode.swift; path = Thumbnails.swift; sourceTree = "<group>"; };
		74B56097ED40129E6E45E1B3 /* CanvasContainerViewTests.swift */ = {isa = PBXFileReference; lastKnownFileType = sourcecode.swift; path = CanvasContainerViewTests.swift; sourceTree = "<group>"; };
		760C1A94995C19FE535F60AB /* LibrarySidebar.swift */ = {isa = PBXFileReference; lastKnownFileType = sourcecode.swift; path = LibrarySidebar.swift; sourceTree = "<group>"; };
		9E41D9DC7E759FFF832BDC6B /* PageImageTests.swift */ = {isa = PBXFileReference; lastKnownFileType = sourcecode.swift; path = PageImageTests.swift; sourceTree = "<group>"; };
		B37AA22765996393FB323A60 /* EditorView.swift */ = {isa = PBXFileReference; lastKnownFileType = sourcecode.swift; path = EditorView.swift; sourceTree = "<group>"; };
		B4DCC26BCFF1AC7545A93B68 /* HandwritingSettingsTests.swift */ = {isa = PBXFileReference; lastKnownFileType = sourcecode.swift; path = HandwritingSettingsTests.swift; sourceTree = "<group>"; };
		B6054B4C855D9949F6774763 /* NotebookStoreTests.swift */ = {isa = PBXFileReference; lastKnownFileType = sourcecode.swift; path = NotebookStoreTests.swift; sourceTree = "<group>"; };
		BE21820564A6CE54CAC908C4 /* Assets.xcassets */ = {isa = PBXFileReference; lastKnownFileType = folder.assetcatalog; path = Assets.xcassets; sourceTree = "<group>"; };
		C3F3C79D9AECDFC39564C591 /* CouchSyncControllerTests.swift */ = {isa = PBXFileReference; lastKnownFileType = sourcecode.swift; path = CouchSyncControllerTests.swift; sourceTree = "<group>"; };
		C7CA46ABC2CDD559A3FFAECE /* RotationUITests.swift */ = {isa = PBXFileReference; lastKnownFileType = sourcecode.swift; path = RotationUITests.swift; sourceTree = "<group>"; };
		D7A86459981084A1F96E5AAC /* CouchSyncController.swift */ = {isa = PBXFileReference; lastKnownFileType = sourcecode.swift; path = CouchSyncController.swift; sourceTree = "<group>"; };
		DDB2D42BE40F93CA9D0F2414 /* SyncSettings.swift */ = {isa = PBXFileReference; lastKnownFileType = sourcecode.swift; path = SyncSettings.swift; sourceTree = "<group>"; };
		E0A2DCF1975275C94A7F1FEC /* HandwritingSettings.swift */ = {isa = PBXFileReference; lastKnownFileType = sourcecode.swift; path = HandwritingSettings.swift; sourceTree = "<group>"; };
		E209F67CF018B29E37E7A268 /* PencilKitBridge.swift */ = {isa = PBXFileReference; lastKnownFileType = sourcecode.swift; path = PencilKitBridge.swift; sourceTree = "<group>"; };
		FD4F14B1C9E5734ED1065F63 /* PrivacyInfo.xcprivacy */ = {isa = PBXFileReference; path = PrivacyInfo.xcprivacy; sourceTree = "<group>"; };
		FF6E3D1C4AFC7669DC53F4AE /* SyncProvenance.swift */ = {isa = PBXFileReference; lastKnownFileType = sourcecode.swift; path = SyncProvenance.swift; sourceTree = "<group>"; };
/* End PBXFileReference section */

/* Begin PBXFrameworksBuildPhase section */
		567495D012A4A934793AF21F /* Frameworks */ = {
			isa = PBXFrameworksBuildPhase;
			buildActionMask = 2147483647;
			files = (
				5677850903A70C8887A2C384 /* NotableKit in Frameworks */,
			);
			runOnlyForDeploymentPostprocessing = 0;
		};
/* End PBXFrameworksBuildPhase section */

/* Begin PBXGroup section */
		47D834C4DA02EFB0121C3977 = {
			isa = PBXGroup;
			children = (
				AD8E5630BF3CA2332230E481 /* Packages */,
				EBB9433109DCADDCCB9E64EC /* Sources */,
				F98CDBC573F54114A6329452 /* Tests */,
				CA08E7DA5D20ED789AA336D6 /* UITests */,
				7E125F42646EADFD6FCD212F /* Products */,
			);
			sourceTree = "<group>";
		};
		7E125F42646EADFD6FCD212F /* Products */ = {
			isa = PBXGroup;
			children = (
				51065DC8A1BE9070F3A77ADB /* Bopa.app */,
				067F82B43BDD4E6D982DBA40 /* BopaTests.xctest */,
				16D436CB210A8416B43424AF /* BopaUITests.xctest */,
			);
			name = Products;
			sourceTree = "<group>";
		};
		AD8E5630BF3CA2332230E481 /* Packages */ = {
			isa = PBXGroup;
			children = (
				467920EDEC849CD5B59CA33B /* NotableKit */,
			);
			name = Packages;
			sourceTree = "<group>";
		};
		CA08E7DA5D20ED789AA336D6 /* UITests */ = {
			isa = PBXGroup;
			children = (
				1C6C87EB446AC370D0CF3F7B /* BareCanvasUITests.swift */,
				3B29818F78C9EC3F96D1B394 /* DrawingUITests.swift */,
				007E2190A23B0021DB3B5752 /* EraserUITests.swift */,
				C7CA46ABC2CDD559A3FFAECE /* RotationUITests.swift */,
			);
			path = UITests;
			sourceTree = "<group>";
		};
		EBB9433109DCADDCCB9E64EC /* Sources */ = {
			isa = PBXGroup;
			children = (
				BE21820564A6CE54CAC908C4 /* Assets.xcassets */,
				27BB5272061EA302A49313CA /* BackgroundRenderer.swift */,
				2D3EA159F6A8667952EEF771 /* BareCanvas.swift */,
				13EC02E525247FA06BC975D5 /* BopaApp.swift */,
				2CE531A38B3D637083298DA9 /* CanvasContainerView.swift */,
				1F51F41B920291A1DC95CED0 /* ConflictResolutionView.swift */,
				D7A86459981084A1F96E5AAC /* CouchSyncController.swift */,
				B37AA22765996393FB323A60 /* EditorView.swift */,
				E0A2DCF1975275C94A7F1FEC /* HandwritingSettings.swift */,
				760C1A94995C19FE535F60AB /* LibrarySidebar.swift */,
				3D8D206021F65D447A23CFD5 /* LibraryView.swift */,
				5C1F470FDAB39308F0A7795F /* NotebookStore.swift */,
				2B0BAB6AF0A9B4CD233DD405 /* PaperTemplateView.swift */,
				E209F67CF018B29E37E7A268 /* PencilKitBridge.swift */,
				FD4F14B1C9E5734ED1065F63 /* PrivacyInfo.xcprivacy */,
				59B5B24D30EBF003DBBA84C9 /* RemoteFolderPicker.swift */,
				7079102757F82D89F8EECEAE /* ServerBrowserView.swift */,
				660680A3B19AA808922FE5B3 /* SyncCoordinator.swift */,
				FF6E3D1C4AFC7669DC53F4AE /* SyncProvenance.swift */,
				DDB2D42BE40F93CA9D0F2414 /* SyncSettings.swift */,
				7346F25A719C7EB849AE025F /* Thumbnails.swift */,
			);
			path = Sources;
			sourceTree = "<group>";
		};
		F98CDBC573F54114A6329452 /* Tests */ = {
			isa = PBXGroup;
			children = (
				74B56097ED40129E6E45E1B3 /* CanvasContainerViewTests.swift */,
				C3F3C79D9AECDFC39564C591 /* CouchSyncControllerTests.swift */,
				B4DCC26BCFF1AC7545A93B68 /* HandwritingSettingsTests.swift */,
				B6054B4C855D9949F6774763 /* NotebookStoreTests.swift */,
				9E41D9DC7E759FFF832BDC6B /* PageImageTests.swift */,
				3BC29184D0B7E9262391EDA7 /* PencilKitBridgeTests.swift */,
				5C708E78695B6C125620979F /* RemoteFolderPickerTests.swift */,
				4F97D40F01BD2033F59CEF9F /* SyncCoordinatorTests.swift */,
			);
			path = Tests;
			sourceTree = "<group>";
		};
/* End PBXGroup section */

/* Begin PBXNativeTarget section */
		56E625DC2A7395CAE0911217 /* BopaUITests */ = {
			isa = PBXNativeTarget;
			buildConfigurationList = 4D237AC6AC1CA7A2AC29F6B1 /* Build configuration list for PBXNativeTarget "BopaUITests" */;
			buildPhases = (
				3BF62A025028E7510DA63371 /* Sources */,
			);
			buildRules = (
			);
			dependencies = (
				01E3B3ED5C17B98AB8603063 /* PBXTargetDependency */,
			);
			name = BopaUITests;
			packageProductDependencies = (
			);
			productName = BopaUITests;
			productReference = 16D436CB210A8416B43424AF /* BopaUITests.xctest */;
			productType = "com.apple.product-type.bundle.ui-testing";
		};
		83B1D95569B22B0B76DD7FC1 /* Bopa */ = {
			isa = PBXNativeTarget;
			buildConfigurationList = 28004F3B00AD129F8F9F1FFE /* Build configuration list for PBXNativeTarget "Bopa" */;
			buildPhases = (
				9171D3C274B2482B3F759424 /* Sources */,
				7D353F8CF132C26AE20A07D4 /* Resources */,
				567495D012A4A934793AF21F /* Frameworks */,
			);
			buildRules = (
			);
			dependencies = (
			);
			name = Bopa;
			packageProductDependencies = (
				EAF3412FA66289006396A938 /* NotableKit */,
			);
			productName = Bopa;
			productReference = 51065DC8A1BE9070F3A77ADB /* Bopa.app */;
			productType = "com.apple.product-type.application";
		};
		BC5D5E69D8EA02720C638844 /* BopaTests */ = {
			isa = PBXNativeTarget;
			buildConfigurationList = 6607CC1E7DFCCADCF52EC094 /* Build configuration list for PBXNativeTarget "BopaTests" */;
			buildPhases = (
				44D4B94C6127337495328C2F /* Sources */,
			);
			buildRules = (
			);
			dependencies = (
				DE23625FF3BA37B48867F72B /* PBXTargetDependency */,
			);
			name = BopaTests;
			packageProductDependencies = (
			);
			productName = BopaTests;
			productReference = 067F82B43BDD4E6D982DBA40 /* BopaTests.xctest */;
			productType = "com.apple.product-type.bundle.unit-test";
		};
/* End PBXNativeTarget section */

/* Begin PBXProject section */
		F247876D0614D8A68E186553 /* Project object */ = {
			isa = PBXProject;
			attributes = {
				BuildIndependentTargetsInParallel = YES;
				LastUpgradeCheck = 1430;
				TargetAttributes = {
					56E625DC2A7395CAE0911217 = {
						TestTargetID = 83B1D95569B22B0B76DD7FC1;
					};
					83B1D95569B22B0B76DD7FC1 = {
						DevelopmentTeam = "";
						ProvisioningStyle = Automatic;
					};
				};
			};
			buildConfigurationList = 02CB3492FC28462D6C2D82C1 /* Build configuration list for PBXProject "Bopa" */;
			developmentRegion = en;
			hasScannedForEncodings = 0;
			knownRegions = (
				Base,
				en,
			);
			mainGroup = 47D834C4DA02EFB0121C3977;
			minimizedProjectReferenceProxies = 1;
			packageReferences = (
				92EB9C4A15D65F072CE74B3E /* XCLocalSwiftPackageReference "../NotableKit" */,
			);
			preferredProjectObjectVersion = 77;
			productRefGroup = 7E125F42646EADFD6FCD212F /* Products */;
			projectDirPath = "";
			projectRoot = "";
			targets = (
				56E625DC2A7395CAE0911217 /* BopaUITests */,
				BC5D5E69D8EA02720C638844 /* BopaTests */,
				83B1D95569B22B0B76DD7FC1 /* Bopa */,
			);
		};
/* End PBXProject section */

/* Begin PBXResourcesBuildPhase section */
		7D353F8CF132C26AE20A07D4 /* Resources */ = {
			isa = PBXResourcesBuildPhase;
			buildActionMask = 2147483647;
			files = (
				0039A71CECB36F833C1E1192 /* Assets.xcassets in Resources */,
				33A2FCE6768C0CE5D75A1AE4 /* PrivacyInfo.xcprivacy in Resources */,
			);
			runOnlyForDeploymentPostprocessing = 0;
		};
/* End PBXResourcesBuildPhase section */

/* Begin PBXSourcesBuildPhase section */
		3BF62A025028E7510DA63371 /* Sources */ = {
			isa = PBXSourcesBuildPhase;
			buildActionMask = 2147483647;
			files = (
				A5CC40609B9AD77C21E0E5F5 /* BareCanvasUITests.swift in Sources */,
				60E3A5838850A4ADDF75230D /* DrawingUITests.swift in Sources */,
				6282E4AF4D9D4C81DBA588C4 /* EraserUITests.swift in Sources */,
				612A95F1BE606CBF723DF683 /* RotationUITests.swift in Sources */,
			);
			runOnlyForDeploymentPostprocessing = 0;
		};
		44D4B94C6127337495328C2F /* Sources */ = {
			isa = PBXSourcesBuildPhase;
			buildActionMask = 2147483647;
			files = (
				9268909E990BFF4774CFA57A /* CanvasContainerViewTests.swift in Sources */,
				02EAE8E446983D5557B4FD8B /* CouchSyncControllerTests.swift in Sources */,
				3BF381E0797979BCF00AEE38 /* HandwritingSettingsTests.swift in Sources */,
				836D2865717F4122A14798FC /* NotebookStoreTests.swift in Sources */,
				C980C9CF1CD6F2E3D8B74DE7 /* PageImageTests.swift in Sources */,
				29E7851E49856092B6E316AD /* PencilKitBridgeTests.swift in Sources */,
				8AA222EE7E1E70A50620353E /* RemoteFolderPickerTests.swift in Sources */,
				F90EF34BA900F1E7CDF20493 /* SyncCoordinatorTests.swift in Sources */,
			);
			runOnlyForDeploymentPostprocessing = 0;
		};
		9171D3C274B2482B3F759424 /* Sources */ = {
			isa = PBXSourcesBuildPhase;
			buildActionMask = 2147483647;
			files = (
				3CFEC301B1ED29B4D9CFF6ED /* BackgroundRenderer.swift in Sources */,
				F6A26EF4A3D7C39C2ECB8579 /* BareCanvas.swift in Sources */,
				78FD24EDA9167440BC66CE0C /* BopaApp.swift in Sources */,
				C10E0057637247CCB7ED659A /* CanvasContainerView.swift in Sources */,
				E85BA9A56A392DAB893D469A /* ConflictResolutionView.swift in Sources */,
				02578FB9E261C0E5A3A6D96B /* CouchSyncController.swift in Sources */,
				02216434DB781C9AC93FFE6E /* EditorView.swift in Sources */,
				B188FC9BE3CDA7096D52D546 /* HandwritingSettings.swift in Sources */,
				4283276297678BE54BBF534F /* LibrarySidebar.swift in Sources */,
				CC5AEB7EFA42F59680831067 /* LibraryView.swift in Sources */,
				EC803E9DE03A864F7F00802A /* NotebookStore.swift in Sources */,
				2CAA8B3BBB4BE8C4120A287E /* PaperTemplateView.swift in Sources */,
				C7F86175E5F22CA5FB7C9B56 /* PencilKitBridge.swift in Sources */,
				E46386971C89909F5E7E0CB4 /* RemoteFolderPicker.swift in Sources */,
				669C9BEFB7448981118F2DB1 /* ServerBrowserView.swift in Sources */,
				122E21FD884486D3B1F6AEDC /* SyncCoordinator.swift in Sources */,
				F87EA93E3A4FDFDD65331287 /* SyncProvenance.swift in Sources */,
				D6048EDBC5536F19E7F15366 /* SyncSettings.swift in Sources */,
				41553EDB7232E60A06C58F8F /* Thumbnails.swift in Sources */,
			);
			runOnlyForDeploymentPostprocessing = 0;
		};
/* End PBXSourcesBuildPhase section */

/* Begin PBXTargetDependency section */
		01E3B3ED5C17B98AB8603063 /* PBXTargetDependency */ = {
			isa = PBXTargetDependency;
			target = 83B1D95569B22B0B76DD7FC1 /* Bopa */;
			targetProxy = 3F057521AD4C8500930CC665 /* PBXContainerItemProxy */;
		};
		DE23625FF3BA37B48867F72B /* PBXTargetDependency */ = {
			isa = PBXTargetDependency;
			target = 83B1D95569B22B0B76DD7FC1 /* Bopa */;
			targetProxy = BA4AB69AB97E2396DA7CD8F6 /* PBXContainerItemProxy */;
		};
/* End PBXTargetDependency section */

/* Begin XCBuildConfiguration section */
		0AE662801DC4DA0BAEF4DEC8 /* Release */ = {
			isa = XCBuildConfiguration;
			buildSettings = {
				BUNDLE_LOADER = "$(TEST_HOST)";
				GENERATE_INFOPLIST_FILE = YES;
				LD_RUNPATH_SEARCH_PATHS = (
					"$(inherited)",
					"@executable_path/Frameworks",
					"@loader_path/Frameworks",
				);
				PRODUCT_BUNDLE_IDENTIFIER = dev.ivan.BopaTests;
				SDKROOT = iphoneos;
				TARGETED_DEVICE_FAMILY = "1,2";
				TEST_HOST = "$(BUILT_PRODUCTS_DIR)/Bopa.app/Bopa";
			};
			name = Release;
		};
		1F319E1C13C5F6781932727A /* Debug */ = {
			isa = XCBuildConfiguration;
			buildSettings = {
				ALWAYS_SEARCH_USER_PATHS = NO;
				CLANG_ANALYZER_NONNULL = YES;
				CLANG_ANALYZER_NUMBER_OBJECT_CONVERSION = YES_AGGRESSIVE;
				CLANG_CXX_LANGUAGE_STANDARD = "gnu++14";
				CLANG_CXX_LIBRARY = "libc++";
				CLANG_ENABLE_MODULES = YES;
				CLANG_ENABLE_OBJC_ARC = YES;
				CLANG_ENABLE_OBJC_WEAK = YES;
				CLANG_WARN_BLOCK_CAPTURE_AUTORELEASING = YES;
				CLANG_WARN_BOOL_CONVERSION = YES;
				CLANG_WARN_COMMA = YES;
				CLANG_WARN_CONSTANT_CONVERSION = YES;
				CLANG_WARN_DEPRECATED_OBJC_IMPLEMENTATIONS = YES;
				CLANG_WARN_DIRECT_OBJC_ISA_USAGE = YES_ERROR;
				CLANG_WARN_DOCUMENTATION_COMMENTS = YES;
				CLANG_WARN_EMPTY_BODY = YES;
				CLANG_WARN_ENUM_CONVERSION = YES;
				CLANG_WARN_INFINITE_RECURSION = YES;
				CLANG_WARN_INT_CONVERSION = YES;
				CLANG_WARN_NON_LITERAL_NULL_CONVERSION = YES;
				CLANG_WARN_OBJC_IMPLICIT_RETAIN_SELF = YES;
				CLANG_WARN_OBJC_LITERAL_CONVERSION = YES;
				CLANG_WARN_OBJC_ROOT_CLASS = YES_ERROR;
				CLANG_WARN_QUOTED_INCLUDE_IN_FRAMEWORK_HEADER = YES;
				CLANG_WARN_RANGE_LOOP_ANALYSIS = YES;
				CLANG_WARN_STRICT_PROTOTYPES = YES;
				CLANG_WARN_SUSPICIOUS_MOVE = YES;
				CLANG_WARN_UNGUARDED_AVAILABILITY = YES_AGGRESSIVE;
				CLANG_WARN_UNREACHABLE_CODE = YES;
				CLANG_WARN__DUPLICATE_METHOD_MATCH = YES;
				COPY_PHASE_STRIP = NO;
				DEBUG_INFORMATION_FORMAT = dwarf;
				ENABLE_STRICT_OBJC_MSGSEND = YES;
				ENABLE_TESTABILITY = YES;
				GCC_C_LANGUAGE_STANDARD = gnu11;
				GCC_DYNAMIC_NO_PIC = NO;
				GCC_NO_COMMON_BLOCKS = YES;
				GCC_OPTIMIZATION_LEVEL = 0;
				GCC_PREPROCESSOR_DEFINITIONS = (
					"$(inherited)",
					"DEBUG=1",
				);
				GCC_WARN_64_TO_32_BIT_CONVERSION = YES;
				GCC_WARN_ABOUT_RETURN_TYPE = YES_ERROR;
				GCC_WARN_UNDECLARED_SELECTOR = YES;
				GCC_WARN_UNINITIALIZED_AUTOS = YES_AGGRESSIVE;
				GCC_WARN_UNUSED_FUNCTION = YES;
				GCC_WARN_UNUSED_VARIABLE = YES;
				IPHONEOS_DEPLOYMENT_TARGET = 17.0;
				MTL_ENABLE_DEBUG_INFO = INCLUDE_SOURCE;
				MTL_FAST_MATH = YES;
				ONLY_ACTIVE_ARCH = YES;
				PRODUCT_NAME = "$(TARGET_NAME)";
				SDKROOT = iphoneos;
				SWIFT_ACTIVE_COMPILATION_CONDITIONS = DEBUG;
				SWIFT_OPTIMIZATION_LEVEL = "-Onone";
				SWIFT_VERSION = 5.0;
			};
			name = Debug;
		};
		344F50A084F557BCF744D521 /* Release */ = {
			isa = XCBuildConfiguration;
			buildSettings = {
				ALWAYS_SEARCH_USER_PATHS = NO;
				CLANG_ANALYZER_NONNULL = YES;
				CLANG_ANALYZER_NUMBER_OBJECT_CONVERSION = YES_AGGRESSIVE;
				CLANG_CXX_LANGUAGE_STANDARD = "gnu++14";
				CLANG_CXX_LIBRARY = "libc++";
				CLANG_ENABLE_MODULES = YES;
				CLANG_ENABLE_OBJC_ARC = YES;
				CLANG_ENABLE_OBJC_WEAK = YES;
				CLANG_WARN_BLOCK_CAPTURE_AUTORELEASING = YES;
				CLANG_WARN_BOOL_CONVERSION = YES;
				CLANG_WARN_COMMA = YES;
				CLANG_WARN_CONSTANT_CONVERSION = YES;
				CLANG_WARN_DEPRECATED_OBJC_IMPLEMENTATIONS = YES;
				CLANG_WARN_DIRECT_OBJC_ISA_USAGE = YES_ERROR;
				CLANG_WARN_DOCUMENTATION_COMMENTS = YES;
				CLANG_WARN_EMPTY_BODY = YES;
				CLANG_WARN_ENUM_CONVERSION = YES;
				CLANG_WARN_INFINITE_RECURSION = YES;
				CLANG_WARN_INT_CONVERSION = YES;
				CLANG_WARN_NON_LITERAL_NULL_CONVERSION = YES;
				CLANG_WARN_OBJC_IMPLICIT_RETAIN_SELF = YES;
				CLANG_WARN_OBJC_LITERAL_CONVERSION = YES;
				CLANG_WARN_OBJC_ROOT_CLASS = YES_ERROR;
				CLANG_WARN_QUOTED_INCLUDE_IN_FRAMEWORK_HEADER = YES;
				CLANG_WARN_RANGE_LOOP_ANALYSIS = YES;
				CLANG_WARN_STRICT_PROTOTYPES = YES;
				CLANG_WARN_SUSPICIOUS_MOVE = YES;
				CLANG_WARN_UNGUARDED_AVAILABILITY = YES_AGGRESSIVE;
				CLANG_WARN_UNREACHABLE_CODE = YES;
				CLANG_WARN__DUPLICATE_METHOD_MATCH = YES;
				COPY_PHASE_STRIP = NO;
				DEBUG_INFORMATION_FORMAT = "dwarf-with-dsym";
				ENABLE_NS_ASSERTIONS = NO;
				ENABLE_STRICT_OBJC_MSGSEND = YES;
				GCC_C_LANGUAGE_STANDARD = gnu11;
				GCC_NO_COMMON_BLOCKS = YES;
				GCC_WARN_64_TO_32_BIT_CONVERSION = YES;
				GCC_WARN_ABOUT_RETURN_TYPE = YES_ERROR;
				GCC_WARN_UNDECLARED_SELECTOR = YES;
				GCC_WARN_UNINITIALIZED_AUTOS = YES_AGGRESSIVE;
				GCC_WARN_UNUSED_FUNCTION = YES;
				GCC_WARN_UNUSED_VARIABLE = YES;
				IPHONEOS_DEPLOYMENT_TARGET = 17.0;
				MTL_ENABLE_DEBUG_INFO = NO;
				MTL_FAST_MATH = YES;
				PRODUCT_NAME = "$(TARGET_NAME)";
				SDKROOT = iphoneos;
				SWIFT_COMPILATION_MODE = wholemodule;
				SWIFT_OPTIMIZATION_LEVEL = "-O";
				SWIFT_VERSION = 5.0;
			};
			name = Release;
		};
		4414313FA531F52E4EA41E70 /* Debug */ = {
			isa = XCBuildConfiguration;
			buildSettings = {
				BUNDLE_LOADER = "$(TEST_HOST)";
				GENERATE_INFOPLIST_FILE = YES;
				LD_RUNPATH_SEARCH_PATHS = (
					"$(inherited)",
					"@executable_path/Frameworks",
					"@loader_path/Frameworks",
				);
				PRODUCT_BUNDLE_IDENTIFIER = dev.ivan.BopaTests;
				SDKROOT = iphoneos;
				TARGETED_DEVICE_FAMILY = "1,2";
				TEST_HOST = "$(BUILT_PRODUCTS_DIR)/Bopa.app/Bopa";
			};
			name = Debug;
		};
		75444FD26E5D57BF9BB43A91 /* Release */ = {
			isa = XCBuildConfiguration;
			buildSettings = {
				BUNDLE_LOADER = "$(TEST_HOST)";
				GENERATE_INFOPLIST_FILE = YES;
				LD_RUNPATH_SEARCH_PATHS = (
					"$(inherited)",
					"@executable_path/Frameworks",
					"@loader_path/Frameworks",
				);
				PRODUCT_BUNDLE_IDENTIFIER = dev.ivan.BopaUITests;
				SDKROOT = iphoneos;
				TARGETED_DEVICE_FAMILY = "1,2";
				TEST_TARGET_NAME = Bopa;
			};
			name = Release;
		};
		EBA396F6047A458D80A0BF3D /* Debug */ = {
			isa = XCBuildConfiguration;
			buildSettings = {
				BUNDLE_LOADER = "$(TEST_HOST)";
				GENERATE_INFOPLIST_FILE = YES;
				LD_RUNPATH_SEARCH_PATHS = (
					"$(inherited)",
					"@executable_path/Frameworks",
					"@loader_path/Frameworks",
				);
				PRODUCT_BUNDLE_IDENTIFIER = dev.ivan.BopaUITests;
				SDKROOT = iphoneos;
				TARGETED_DEVICE_FAMILY = "1,2";
				TEST_TARGET_NAME = Bopa;
			};
			name = Debug;
		};
		EBC50236D097DEED56B937D4 /* Release */ = {
			isa = XCBuildConfiguration;
			buildSettings = {
				ASSETCATALOG_COMPILER_APPICON_NAME = AppIcon;
				CODE_SIGN_IDENTITY = "iPhone Developer";
				CODE_SIGN_STYLE = Automatic;
				CURRENT_PROJECT_VERSION = 1;
				DEVELOPMENT_TEAM = "";
				GENERATE_INFOPLIST_FILE = YES;
				INFOPLIST_KEY_ITSAppUsesNonExemptEncryption = NO;
				INFOPLIST_KEY_UIApplicationSceneManifest_Generation = YES;
				INFOPLIST_KEY_UILaunchScreen_Generation = YES;
				INFOPLIST_KEY_UISupportedInterfaceOrientations_iPad = "UIInterfaceOrientationPortrait UIInterfaceOrientationPortraitUpsideDown UIInterfaceOrientationLandscapeLeft UIInterfaceOrientationLandscapeRight";
				LD_RUNPATH_SEARCH_PATHS = (
					"$(inherited)",
					"@executable_path/Frameworks",
				);
				MARKETING_VERSION = 0.1.0;
				PRODUCT_BUNDLE_IDENTIFIER = dev.ivan.bopa;
				SDKROOT = iphoneos;
				SUPPORTS_MACCATALYST = NO;
				SWIFT_VERSION = 6.0;
				TARGETED_DEVICE_FAMILY = "1,2";
			};
			name = Release;
		};
		F9F6CE2C41F2AD81840DB9DC /* Debug */ = {
			isa = XCBuildConfiguration;
			buildSettings = {
				ASSETCATALOG_COMPILER_APPICON_NAME = AppIcon;
				CODE_SIGN_IDENTITY = "iPhone Developer";
				CODE_SIGN_STYLE = Automatic;
				CURRENT_PROJECT_VERSION = 1;
				DEVELOPMENT_TEAM = "";
				GENERATE_INFOPLIST_FILE = YES;
				INFOPLIST_KEY_ITSAppUsesNonExemptEncryption = NO;
				INFOPLIST_KEY_UIApplicationSceneManifest_Generation = YES;
				INFOPLIST_KEY_UILaunchScreen_Generation = YES;
				INFOPLIST_KEY_UISupportedInterfaceOrientations_iPad = "UIInterfaceOrientationPortrait UIInterfaceOrientationPortraitUpsideDown UIInterfaceOrientationLandscapeLeft UIInterfaceOrientationLandscapeRight";
				LD_RUNPATH_SEARCH_PATHS = (
					"$(inherited)",
					"@executable_path/Frameworks",
				);
				MARKETING_VERSION = 0.1.0;
				PRODUCT_BUNDLE_IDENTIFIER = dev.ivan.bopa;
				SDKROOT = iphoneos;
				SUPPORTS_MACCATALYST = NO;
				SWIFT_VERSION = 6.0;
				TARGETED_DEVICE_FAMILY = "1,2";
			};
			name = Debug;
		};
/* End XCBuildConfiguration section */

/* Begin XCConfigurationList section */
		02CB3492FC28462D6C2D82C1 /* Build configuration list for PBXProject "Bopa" */ = {
			isa = XCConfigurationList;
			buildConfigurations = (
				1F319E1C13C5F6781932727A /* Debug */,
				344F50A084F557BCF744D521 /* Release */,
			);
			defaultConfigurationIsVisible = 0;
			defaultConfigurationName = Debug;
		};
		28004F3B00AD129F8F9F1FFE /* Build configuration list for PBXNativeTarget "Bopa" */ = {
			isa = XCConfigurationList;
			buildConfigurations = (
				F9F6CE2C41F2AD81840DB9DC /* Debug */,
				EBC50236D097DEED56B937D4 /* Release */,
			);
			defaultConfigurationIsVisible = 0;
			defaultConfigurationName = Debug;
		};
		4D237AC6AC1CA7A2AC29F6B1 /* Build configuration list for PBXNativeTarget "BopaUITests" */ = {
			isa = XCConfigurationList;
			buildConfigurations = (
				EBA396F6047A458D80A0BF3D /* Debug */,
				75444FD26E5D57BF9BB43A91 /* Release */,
			);
			defaultConfigurationIsVisible = 0;
			defaultConfigurationName = Debug;
		};
		6607CC1E7DFCCADCF52EC094 /* Build configuration list for PBXNativeTarget "BopaTests" */ = {
			isa = XCConfigurationList;
			buildConfigurations = (
				4414313FA531F52E4EA41E70 /* Debug */,
				0AE662801DC4DA0BAEF4DEC8 /* Release */,
			);
			defaultConfigurationIsVisible = 0;
			defaultConfigurationName = Debug;
		};
/* End XCConfigurationList section */

/* Begin XCLocalSwiftPackageReference section */
		92EB9C4A15D65F072CE74B3E /* XCLocalSwiftPackageReference "../NotableKit" */ = {
			isa = XCLocalSwiftPackageReference;
			relativePath = ../NotableKit;
		};
/* End XCLocalSwiftPackageReference section */

/* Begin XCSwiftPackageProductDependency section */
		EAF3412FA66289006396A938 /* NotableKit */ = {
			isa = XCSwiftPackageProductDependency;
			productName = NotableKit;
		};
/* End XCSwiftPackageProductDependency section */
	};
	rootObject = F247876D0614D8A68E186553 /* Project object */;
}
